<?xml version="1.0" encoding="UTF-8"?>
<CodeBlocks_project_file>
	<FileVersion major="1" minor="6"/>
	<Project>
		<Option title="exclamation_language"/>
		<Option makefile_is_custom="1"/>
		<Option compiler="gcc"/>
		<Option virtualFolders="CMake Files\;"/>
		<Build>
			<Target title="all">
				<Option working_dir="C:/Users/seymo/Desktop/Kai&apos;s Files/ExclamationLanguage/cmake"/>
				<Option type="4"/>
				<MakeCommands>
					<Build command="C:/MinGW/bin/mingw32-make.exe -f &quot;C:/Users/seymo/Desktop/Kai&apos;s Files/ExclamationLanguage/cmake/Makefile&quot;  VERBOSE=1 all"/>
					<CompileFile command="C:/MinGW/bin/mingw32-make.exe -f &quot;C:/Users/seymo/Desktop/Kai&apos;s Files/ExclamationLanguage/cmake/Makefile&quot;  VERBOSE=1 &quot;$file&quot;"/>
					<Clean command="C:/MinGW/bin/mingw32-make.exe -f &quot;C:/Users/seymo/Desktop/Kai&apos;s Files/ExclamationLanguage/cmake/Makefile&quot;  VERBOSE=1 clean"/>
					<DistClean command="C:/MinGW/bin/mingw32-make.exe -f &quot;C:/Users/seymo/Desktop/Kai&apos;s Files/ExclamationLanguage/cmake/Makefile&quot;  VERBOSE=1 clean"/>
				</MakeCommands>
			</Target>
			<Target title="excla">
				<Option output="C:/Users/seymo/Desktop/Kai&apos;s Files/ExclamationLanguage/cmake/excla.exe" prefix_auto="0" extension_auto="0"/>
				<Option working_dir="C:/Users/seymo/Desktop/Kai&apos;s Files/ExclamationLanguage/cmake"/>
				<Option object_output="./"/>
				<Option type="1"/>
				<Option compiler="gcc"/>
				<Compiler>
					<Add directory="c:\mingw\bin\../lib/gcc/mingw32/6.3.0/include/c++"/>
					<Add directory="c:\mingw\bin\../lib/gcc/mingw32/6.3.0/include/c++/mingw32"/>
					<Add directory="c:\mingw\bin\../lib/gcc/mingw32/6.3.0/include/c++/backward"/>
					<Add directory="c:\mingw\bin\../lib/gcc/mingw32/6.3.0/include"/>
					<Add directory="c:\mingw\bin\../lib/gcc/mingw32/6.3.0/../../../../include"/>
					<Add directory="c:\mingw\bin\../lib/gcc/mingw32/6.3.0/include-fixed"/>
					<Add directory="c:\mingw\bin\../lib/gcc/mingw32/6.3.0/../../../../mingw32/include"/>
				</Compiler>
				<MakeCommands>
					<Build command="C:/MinGW/bin/mingw32-make.exe -f &quot;C:/Users/seymo/Desktop/Kai&apos;s Files/ExclamationLanguage/cmake/Makefile&quot;  VERBOSE=1 excla"/>
					<CompileFile command="C:/MinGW/bin/mingw32-make.exe -f &quot;C:/Users/seymo/Desktop/Kai&apos;s Files/ExclamationLanguage/cmake/Makefile&quot;  VERBOSE=1 &quot;$file&quot;"/>
					<Clean command="C:/MinGW/bin/mingw32-make.exe -f &quot;C:/Users/seymo/Desktop/Kai&apos;s Files/ExclamationLanguage/cmake/Makefile&quot;  VERBOSE=1 clean"/>
					<DistClean command="C:/MinGW/bin/mingw32-make.exe -f &quot;C:/Users/seymo/Desktop/Kai&apos;s Files/ExclamationLanguage/cmake/Makefile&quot;  VERBOSE=1 clean"/>
				</MakeCommands>
			</Target>
			<Target title="excla/fast">
				<Option output="C:/Users/seymo/Desktop/Kai&apos;s Files/ExclamationLanguage/cmake/excla.exe" prefix_auto="0" extension_auto="0"/>
				<Option working_dir="C:/Users/seymo/Desktop/Kai&apos;s Files/ExclamationLanguage/cmake"/>
				<Option object_output="./"/>
				<Option type="1"/>
				<Option compiler="gcc"/>
				<Compiler>
					<Add directory="c:\mingw\bin\../lib/gcc/mingw32/6.3.0/include/c++"/>
					<Add directory="c:\mingw\bin\../lib/gcc/mingw32/6.3.0/include/c++/mingw32"/>
					<Add directory="c:\mingw\bin\../lib/gcc/mingw32/6.3.0/include/c++/backward"/>
					<Add directory="c:\mingw\bin\../lib/gcc/mingw32/6.3.0/include"/>
					<Add directory="c:\mingw\bin\../lib/gcc/mingw32/6.3.0/../../../../include"/>
					<Add directory="c:\mingw\bin\../lib/gcc/mingw32/6.3.0/include-fixed"/>
					<Add directory="c:\mingw\bin\../lib/gcc/mingw32/6.3.0/../../../../mingw32/include"/>
				</Compiler>
				<MakeCommands>
					<Build command="C:/MinGW/bin/mingw32-make.exe -f &quot;C:/Users/seymo/Desktop/Kai&apos;s Files/ExclamationLanguage/cmake/Makefile&quot;  VERBOSE=1 excla/fast"/>
					<CompileFile command="C:/MinGW/bin/mingw32-make.exe -f &quot;C:/Users/seymo/Desktop/Kai&apos;s Files/ExclamationLanguage/cmake/Makefile&quot;  VERBOSE=1 &quot;$file&quot;"/>
					<Clean command="C:/MinGW/bin/mingw32-make.exe -f &quot;C:/Users/seymo/Desktop/Kai&apos;s Files/ExclamationLanguage/cmake/Makefile&quot;  VERBOSE=1 clean"/>
					<DistClean command="C:/MinGW/bin/mingw32-make.exe -f &quot;C:/Users/seymo/Desktop/Kai&apos;s Files/ExclamationLanguage/cmake/Makefile&quot;  VERBOSE=1 clean"/>
				</MakeCommands>
			</Target>
			<Target title="exclang">
				<Option output="C:/Users/seymo/Desktop/Kai&apos;s Files/ExclamationLanguage/cmake/exclang.exe" prefix_auto="0" extension_auto="0"/>
				<Option working_dir="C:/Users/seymo/Desktop/Kai&apos;s Files/ExclamationLanguage/cmake"/>
				<Option object_output="./"/>
				<Option type="1"/>
				<Option compiler="gcc"/>
				<Compiler>
					<Add directory="c:\mingw\bin\../lib/gcc/mingw32/6.3.0/include/c++"/>
					<Add directory="c:\mingw\bin\../lib/gcc/mingw32/6.3.0/include/c++/mingw32"/>
					<Add directory="c:\mingw\bin\../lib/gcc/mingw32/6.3.0/include/c++/backward"/>
					<Add directory="c:\mingw\bin\../lib/gcc/mingw32/6.3.0/include"/>
					<Add directory="c:\mingw\bin\../lib/gcc/mingw32/6.3.0/../../../../include"/>
					<Add directory="c:\mingw\bin\../lib/gcc/mingw32/6.3.0/include-fixed"/>
					<Add directory="c:\mingw\bin\../lib/gcc/mingw32/6.3.0/../../../../mingw32/include"/>
				</Compiler>
				<MakeCommands>
					<Build command="C:/MinGW/bin/mingw32-make.exe -f &quot;C:/Users/seymo/Desktop/Kai&apos;s Files/ExclamationLanguage/cmake/Makefile&quot;  VERBOSE=1 exclang"/>
					<CompileFile command="C:/MinGW/bin/mingw32-make.exe -f &quot;C:/Users/seymo/Desktop/Kai&apos;s Files/ExclamationLanguage/cmake/Makefile&quot;  VERBOSE=1 &quot;$file&quot;"/>
					<Clean command="C:/MinGW/bin/mingw32-make.exe -f &quot;C:/Users/seymo/Desktop/Kai&apos;s Files/ExclamationLanguage/cmake/Makefile&quot;  VERBOSE=1 clean"/>
					<DistClean command="C:/MinGW/bin/mingw32-make.exe -f &quot;C:/Users/seymo/Desktop/Kai&apos;s Files/ExclamationLanguage/cmake/Makefile&quot;  VERBOSE=1 clean"/>
				</MakeCommands>
			</Target>
			<Target title="exclang/fast">
				<Option output="C:/Users/seymo/Desktop/Kai&apos;s Files/ExclamationLanguage/cmake/exclang.exe" prefix_auto="0" extension_auto="0"/>
				<Option working_dir="C:/Users/seymo/Desktop/Kai&apos;s Files/ExclamationLanguage/cmake"/>
				<Option object_output="./"/>
				<Option type="1"/>
				<Option compiler="gcc"/>
				<Compiler>
					<Add directory="c:\mingw\bin\../lib/gcc/mingw32/6.3.0/include/c++"/>
					<Add directory="c:\mingw\bin\../lib/gcc/mingw32/6.3.0/include/c++/mingw32"/>
					<Add directory="c:\mingw\bin\../lib/gcc/mingw32/6.3.0/include/c++/backward"/>
					<Add directory="c:\mingw\bin\../lib/gcc/mingw32/6.3.0/include"/>
					<Add directory="c:\mingw\bin\../lib/gcc/mingw32/6.3.0/../../../../include"/>
					<Add directory="c:\mingw\bin\../lib/gcc/mingw32/6.3.0/include-fixed"/>
					<Add directory="c:\mingw\bin\../lib/gcc/mingw32/6.3.0/../../../../mingw32/include"/>
				</Compiler>
				<MakeCommands>
					<Build command="C:/MinGW/bin/mingw32-make.exe -f &quot;C:/Users/seymo/Desktop/Kai&apos;s Files/ExclamationLanguage/cmake/Makefile&quot;  VERBOSE=1 exclang/fast"/>
					<CompileFile command="C:/MinGW/bin/mingw32-make.exe -f &quot;C:/Users/seymo/Desktop/Kai&apos;s Files/ExclamationLanguage/cmake/Makefile&quot;  VERBOSE=1 &quot;$file&quot;"/>
					<Clean command="C:/MinGW/bin/mingw32-make.exe -f &quot;C:/Users/seymo/Desktop/Kai&apos;s Files/ExclamationLanguage/cmake/Makefile&quot;  VERBOSE=1 clean"/>
					<DistClean command="C:/MinGW/bin/mingw32-make.exe -f &quot;C:/Users/seymo/Desktop/Kai&apos;s Files/ExclamationLanguage/cmake/Makefile&quot;  VERBOSE=1 clean"/>
				</MakeCommands>
			</Target>
			<Target title="edit_cache">
				<Option working_dir="C:/Users/seymo/Desktop/Kai&apos;s Files/ExclamationLanguage/cmake"/>
				<Option type="4"/>
				<MakeCommands>
					<Build command="C:/MinGW/bin/mingw32-make.exe -f &quot;C:/Users/seymo/Desktop/Kai&apos;s Files/ExclamationLanguage/cmake/Makefile&quot;  VERBOSE=1 edit_cache"/>
					<CompileFile command="C:/MinGW/bin/mingw32-make.exe -f &quot;C:/Users/seymo/Desktop/Kai&apos;s Files/ExclamationLanguage/cmake/Makefile&quot;  VERBOSE=1 &quot;$file&quot;"/>
					<Clean command="C:/MinGW/bin/mingw32-make.exe -f &quot;C:/Users/seymo/Desktop/Kai&apos;s Files/ExclamationLanguage/cmake/Makefile&quot;  VERBOSE=1 clean"/>
					<DistClean command="C:/MinGW/bin/mingw32-make.exe -f &quot;C:/Users/seymo/Desktop/Kai&apos;s Files/ExclamationLanguage/cmake/Makefile&quot;  VERBOSE=1 clean"/>
				</MakeCommands>
			</Target>
			<Target title="exclatr">
				<Option output="C:/Users/seymo/Desktop/Kai&apos;s Files/ExclamationLanguage/cmake/exclatr.exe" prefix_auto="0" extension_auto="0"/>
				<Option working_dir="C:/Users/seymo/Desktop/Kai&apos;s Files/ExclamationLanguage/cmake"/>
				<Option object_output="./"/>
				<Option type="1"/>
				<Option compiler="gcc"/>
				<Compiler>
					<Add directory="c:\mingw\bin\../lib/gcc/mingw32/6.3.0/include/c++"/>
					<Add directory="c:\mingw\bin\../lib/gcc/mingw32/6.3.0/include/c++/mingw32"/>
					<Add directory="c:\mingw\bin\../lib/gcc/mingw32/6.3.0/include/c++/backward"/>
					<Add directory="c:\mingw\bin\../lib/gcc/mingw32/6.3.0/include"/>
					<Add directory="c:\mingw\bin\../lib/gcc/mingw32/6.3.0/../../../../include"/>
					<Add directory="c:\mingw\bin\../lib/gcc/mingw32/6.3.0/include-fixed"/>
					<Add directory="c:\mingw\bin\../lib/gcc/mingw32/6.3.0/../../../../mingw32/include"/>
				</Compiler>
				<MakeCommands>
					<Build command="C:/MinGW/bin/mingw32-make.exe -f &quot;C:/Users/seymo/Desktop/Kai&apos;s Files/ExclamationLanguage/cmake/Makefile&quot;  VERBOSE=1 exclatr"/>
					<CompileFile command="C:/MinGW/bin/mingw32-make.exe -f &quot;C:/Users/seymo/Desktop/Kai&apos;s Files/ExclamationLanguage/cmake/Makefile&quot;  VERBOSE=1 &quot;$file&quot;"/>
					<Clean command="C:/MinGW/bin/mingw32-make.exe -f &quot;C:/Users/seymo/Desktop/Kai&apos;s Files/ExclamationLanguage/cmake/Makefile&quot;  VERBOSE=1 clean"/>
					<DistClean command="C:/MinGW/bin/mingw32-make.exe -f &quot;C:/Users/seymo/Desktop/Kai&apos;s Files/ExclamationLanguage/cmake/Makefile&quot;  VERBOSE=1 clean"/>
				</MakeCommands>
			</Target>
			<Target title="exclatr/fast">
				<Option output="C:/Users/seymo/Desktop/Kai&apos;s Files/ExclamationLanguage/cmake/exclatr.exe" prefix_auto="0" extension_auto="0"/>
				<Option working_dir="C:/Users/seymo/Desktop/Kai&apos;s Files/ExclamationLanguage/cmake"/>
				<Option object_output="./"/>
				<Option type="1"/>
				<Option compiler="gcc"/>
				<Compiler>
					<Add directory="c:\mingw\bin\../lib/gcc/mingw32/6.3.0/include/c++"/>
					<Add directory="c:\mingw\bin\../lib/gcc/mingw32/6.3.0/include/c++/mingw32"/>
					<Add directory="c:\mingw\bin\../lib/gcc/mingw32/6.3.0/include/c++/backward"/>
					<Add directory="c:\mingw\bin\../lib/gcc/mingw32/6.3.0/include"/>
					<Add directory="c:\mingw\bin\../lib/gcc/mingw32/6.3.0/../../../../include"/>
					<Add directory="c:\mingw\bin\../lib/gcc/mingw32/6.3.0/include-fixed"/>
					<Add directory="c:\mingw\bin\../lib/gcc/mingw32/6.3.0/../../../../mingw32/include"/>
				</Compiler>
				<MakeCommands>
					<Build command="C:/MinGW/bin/mingw32-make.exe -f &quot;C:/Users/seymo/Desktop/Kai&apos;s Files/ExclamationLanguage/cmake/Makefile&quot;  VERBOSE=1 exclatr/fast"/>
					<CompileFile command="C:/MinGW/bin/mingw32-make.exe -f &quot;C:/Users/seymo/Desktop/Kai&apos;s Files/ExclamationLanguage/cmake/Makefile&quot;  VERBOSE=1 &quot;$file&quot;"/>
					<Clean command="C:/MinGW/bin/mingw32-make.exe -f &quot;C:/Users/seymo/Desktop/Kai&apos;s Files/ExclamationLanguage/cmake/Makefile&quot;  VERBOSE=1 clean"/>
					<DistClean command="C:/MinGW/bin/mingw32-make.exe -f &quot;C:/Users/seymo/Desktop/Kai&apos;s Files/ExclamationLanguage/cmake/Makefile&quot;  VERBOSE=1 clean"/>
				</MakeCommands>
			</Target>
			<Target title="rebuild_cache">
				<Option working_dir="C:/Users/seymo/Desktop/Kai&apos;s Files/ExclamationLanguage/cmake"/>
				<Option type="4"/>
				<MakeCommands>
					<Build command="C:/MinGW/bin/mingw32-make.exe -f &quot;C:/Users/seymo/Desktop/Kai&apos;s Files/ExclamationLanguage/cmake/Makefile&quot;  VERBOSE=1 rebuild_cache"/>
					<CompileFile command="C:/MinGW/bin/mingw32-make.exe -f &quot;C:/Users/seymo/Desktop/Kai&apos;s Files/ExclamationLanguage/cmake/Makefile&quot;  VERBOSE=1 &quot;$file&quot;"/>
					<Clean command="C:/MinGW/bin/mingw32-make.exe -f &quot;C:/Users/seymo/Desktop/Kai&apos;s Files/ExclamationLanguage/cmake/Makefile&quot;  VERBOSE=1 clean"/>
					<DistClean command="C:/MinGW/bin/mingw32-make.exe -f &quot;C:/Users/seymo/Desktop/Kai&apos;s Files/ExclamationLanguage/cmake/Makefile&quot;  VERBOSE=1 clean"/>
				</MakeCommands>
			</Target>
			<Target title="exclapar">
				<Option output="C:/Users/seymo/Desktop/Kai&apos;s Files/ExclamationLanguage/cmake/exclapar.exe" prefix_auto="0" extension_auto="0"/>
				<Option working_dir="C:/Users/seymo/Desktop/Kai&apos;s Files/ExclamationLanguage/cmake"/>
				<Option object_output="./"/>
				<Option type="1"/>
				<Option compiler="gcc"/>
				<Compiler>
					<Add directory="c:\mingw\bin\../lib/gcc/mingw32/6.3.0/include/c++"/>
					<Add directory="c:\mingw\bin\../lib/gcc/mingw32/6.3.0/include/c++/mingw32"/>
					<Add directory="c:\mingw\bin\../lib/gcc/mingw32/6.3.0/include/c++/backward"/>
					<Add directory="c:\mingw\bin\../lib/gcc/mingw32/6.3.0/include"/>
					<Add directory="c:\mingw\bin\../lib/gcc/mingw32/6.3.0/../../../../include"/>
					<Add directory="c:\mingw\bin\../lib/gcc/mingw32/6.3.0/include-fixed"/>
					<Add directory="c:\mingw\bin\../lib/gcc/mingw32/6.3.0/../../../../mingw32/include"/>
				</Compiler>
				<MakeCommands>
					<Build command="C:/MinGW/bin/mingw32-make.exe -f &quot;C:/Users/seymo/Desktop/Kai&apos;s Files/ExclamationLanguage/cmake/Makefile&quot;  VERBOSE=1 exclapar"/>
					<CompileFile command="C:/MinGW/bin/mingw32-make.exe -f &quot;C:/Users/seymo/Desktop/Kai&apos;s Files/ExclamationLanguage/cmake/Makefile&quot;  VERBOSE=1 &quot;$file&quot;"/>
					<Clean command="C:/MinGW/bin/mingw32-make.exe -f &quot;C:/Users/seymo/Desktop/Kai&apos;s Files/ExclamationLanguage/cmake/Makefile&quot;  VERBOSE=1 clean"/>
					<DistClean command="C:/MinGW/bin/mingw32-make.exe -f &quot;C:/Users/seymo/Desktop/Kai&apos;s Files/ExclamationLanguage/cmake/Makefile&quot;  VERBOSE=1 clean"/>
				</MakeCommands>
			</Target>
			<Target title="exclapar/fast">
				<Option output="C:/Users/seymo/Desktop/Kai&apos;s Files/ExclamationLanguage/cmake/exclapar.exe" prefix_auto="0" extension_auto="0"/>
				<Option working_dir="C:/Users/seymo/Desktop/Kai&apos;s Files/ExclamationLanguage/cmake"/>
				<Option object_output="./"/>
				<Option type="1"/>
				<Option compiler="gcc"/>
				<Compiler>
					<Add directory="c:\mingw\bin\../lib/gcc/mingw32/6.3.0/include/c++"/>
					<Add directory="c:\mingw\bin\../lib/gcc/mingw32/6.3.0/include/c++/mingw32"/>
					<Add directory="c:\mingw\bin\../lib/gcc/mingw32/6.3.0/include/c++/backward"/>
					<Add directory="c:\mingw\bin\../lib/gcc/mingw32/6.3.0/include"/>
					<Add directory="c:\mingw\bin\../lib/gcc/mingw32/6.3.0/../../../../include"/>
					<Add directory="c:\mingw\bin\../lib/gcc/mingw32/6.3.0/include-fixed"/>
					<Add directory="c:\mingw\bin\../lib/gcc/mingw32/6.3.0/../../../../mingw32/include"/>
				</Compiler>
				<MakeCommands>
					<Build command="C:/MinGW/bin/mingw32-make.exe -f &quot;C:/Users/seymo/Desktop/Kai&apos;s Files/ExclamationLanguage/cmake/Makefile&quot;  VERBOSE=1 exclapar/fast"/>
					<CompileFile command="C:/MinGW/bin/mingw32-make.exe -f &quot;C:/Users/seymo/Desktop/Kai&apos;s Files/ExclamationLanguage/cmake/Makefile&quot;  VERBOSE=1 &quot;$file&quot;"/>
					<Clean command="C:/MinGW/bin/mingw32-make.exe -f &quot;C:/Users/seymo/Desktop/Kai&apos;s Files/ExclamationLanguage/cmake/Makefile&quot;  VERBOSE=1 clean"/>
					<DistClean command="C:/MinGW/bin/mingw32-make.exe -f &quot;C:/Users/seymo/Desktop/Kai&apos;s Files/ExclamationLanguage/cmake/Makefile&quot;  VERBOSE=1 clean"/>
				</MakeCommands>
			</Target>
			<Target title="ldip">
				<Option output="C:/Users/seymo/Desktop/Kai&apos;s Files/ExclamationLanguage/cmake/ldip.exe" prefix_auto="0" extension_auto="0"/>
				<Option working_dir="C:/Users/seymo/Desktop/Kai&apos;s Files/ExclamationLanguage/cmake"/>
				<Option object_output="./"/>
				<Option type="1"/>
				<Option compiler="gcc"/>
				<Compiler>
					<Add directory="c:\mingw\bin\../lib/gcc/mingw32/6.3.0/include/c++"/>
					<Add directory="c:\mingw\bin\../lib/gcc/mingw32/6.3.0/include/c++/mingw32"/>
					<Add directory="c:\mingw\bin\../lib/gcc/mingw32/6.3.0/include/c++/backward"/>
					<Add directory="c:\mingw\bin\../lib/gcc/mingw32/6.3.0/include"/>
					<Add directory="c:\mingw\bin\../lib/gcc/mingw32/6.3.0/../../../../include"/>
					<Add directory="c:\mingw\bin\../lib/gcc/mingw32/6.3.0/include-fixed"/>
					<Add directory="c:\mingw\bin\../lib/gcc/mingw32/6.3.0/../../../../mingw32/include"/>
				</Compiler>
				<MakeCommands>
					<Build command="C:/MinGW/bin/mingw32-make.exe -f &quot;C:/Users/seymo/Desktop/Kai&apos;s Files/ExclamationLanguage/cmake/Makefile&quot;  VERBOSE=1 ldip"/>
					<CompileFile command="C:/MinGW/bin/mingw32-make.exe -f &quot;C:/Users/seymo/Desktop/Kai&apos;s Files/ExclamationLanguage/cmake/Makefile&quot;  VERBOSE=1 &quot;$file&quot;"/>
					<Clean command="C:/MinGW/bin/mingw32-make.exe -f &quot;C:/Users/seymo/Desktop/Kai&apos;s Files/ExclamationLanguage/cmake/Makefile&quot;  VERBOSE=1 clean"/>
					<DistClean command="C:/MinGW/bin/mingw32-make.exe -f &quot;C:/Users/seymo/Desktop/Kai&apos;s Files/ExclamationLanguage/cmake/Makefile&quot;  VERBOSE=1 clean"/>
				</MakeCommands>
			</Target>
			<Target title="ldip/fast">
				<Option output="C:/Users/seymo/Desktop/Kai&apos;s Files/ExclamationLanguage/cmake/ldip.exe" prefix_auto="0" extension_auto="0"/>
				<Option working_dir="C:/Users/seymo/Desktop/Kai&apos;s Files/ExclamationLanguage/cmake"/>
				<Option object_output="./"/>
				<Option type="1"/>
				<Option compiler="gcc"/>
				<Compiler>
					<Add directory="c:\mingw\bin\../lib/gcc/mingw32/6.3.0/include/c++"/>
					<Add directory="c:\mingw\bin\../lib/gcc/mingw32/6.3.0/include/c++/mingw32"/>
					<Add directory="c:\mingw\bin\../lib/gcc/mingw32/6.3.0/include/c++/backward"/>
					<Add directory="c:\mingw\bin\../lib/gcc/mingw32/6.3.0/include"/>
					<Add directory="c:\mingw\bin\../lib/gcc/mingw32/6.3.0/../../../../include"/>
					<Add directory="c:\mingw\bin\../lib/gcc/mingw32/6.3.0/include-fixed"/>
					<Add directory="c:\mingw\bin\../lib/gcc/mingw32/6.3.0/../../../../mingw32/include"/>
				</Compiler>
				<MakeCommands>
					<Build command="C:/MinGW/bin/mingw32-make.exe -f &quot;C:/Users/seymo/Desktop/Kai&apos;s Files/ExclamationLanguage/cmake/Makefile&quot;  VERBOSE=1 ldip/fast"/>
					<CompileFile command="C:/MinGW/bin/mingw32-make.exe -f &quot;C:/Users/seymo/Desktop/Kai&apos;s Files/ExclamationLanguage/cmake/Makefile&quot;  VERBOSE=1 &quot;$file&quot;"/>
					<Clean command="C:/MinGW/bin/mingw32-make.exe -f &quot;C:/Users/seymo/Desktop/Kai&apos;s Files/ExclamationLanguage/cmake/Makefile&quot;  VERBOSE=1 clean"/>
					<DistClean command="C:/MinGW/bin/mingw32-make.exe -f &quot;C:/Users/seymo/Desktop/Kai&apos;s Files/ExclamationLanguage/cmake/Makefile&quot;  VERBOSE=1 clean"/>
				</MakeCommands>
			</Target>
			<Target title="rocky">
				<Option output="C:/Users/seymo/Desktop/Kai&apos;s Files/ExclamationLanguage/cmake/rocky.exe" prefix_auto="0" extension_auto="0"/>
				<Option working_dir="C:/Users/seymo/Desktop/Kai&apos;s Files/ExclamationLanguage/cmake"/>
				<Option object_output="./"/>
				<Option type="1"/>
				<Option compiler="gcc"/>
				<Compiler>
					<Add directory="c:\mingw\bin\../lib/gcc/mingw32/6.3.0/include/c++"/>
					<Add directory="c:\mingw\bin\../lib/gcc/mingw32/6.3.0/include/c++/mingw32"/>
					<Add directory="c:\mingw\bin\../lib/gcc/mingw32/6.3.0/include/c++/backward"/>
					<Add directory="c:\mingw\bin\../lib/gcc/mingw32/6.3.0/include"/>
					<Add directory="c:\mingw\bin\../lib/gcc/mingw32/6.3.0/../../../../include"/>
					<Add directory="c:\mingw\bin\../lib/gcc/mingw32/6.3.0/include-fixed"/>
					<Add directory="c:\mingw\bin\../lib/gcc/mingw32/6.3.0/../../../../mingw32/include"/>
				</Compiler>
				<MakeCommands>
					<Build command="C:/MinGW/bin/mingw32-make.exe -f &quot;C:/Users/seymo/Desktop/Kai&apos;s Files/ExclamationLanguage/cmake/Makefile&quot;  VERBOSE=1 rocky"/>
					<CompileFile command="C:/MinGW/bin/mingw32-make.exe -f &quot;C:/Users/seymo/Desktop/Kai&apos;s Files/ExclamationLanguage/cmake/Makefile&quot;  VERBOSE=1 &quot;$file&quot;"/>
					<Clean command="C:/MinGW/bin/mingw32-make.exe -f &quot;C:/Users/seymo/Desktop/Kai&apos;s Files/ExclamationLanguage/cmake/Makefile&quot;  VERBOSE=1 clean"/>
					<DistClean command="C:/MinGW/bin/mingw32-make.exe -f &quot;C:/Users/seymo/Desktop/Kai&apos;s Files/ExclamationLanguage/cmake/Makefile&quot;  VERBOSE=1 clean"/>
				</MakeCommands>
			</Target>
			<Target title="rocky/fast">
				<Option output="C:/Users/seymo/Desktop/Kai&apos;s Files/ExclamationLanguage/cmake/rocky.exe" prefix_auto="0" extension_auto="0"/>
				<Option working_dir="C:/Users/seymo/Desktop/Kai&apos;s Files/ExclamationLanguage/cmake"/>
				<Option object_output="./"/>
				<Option type="1"/>
				<Option compiler="gcc"/>
				<Compiler>
					<Add directory="c:\mingw\bin\../lib/gcc/mingw32/6.3.0/include/c++"/>
					<Add directory="c:\mingw\bin\../lib/gcc/mingw32/6.3.0/include/c++/mingw32"/>
					<Add directory="c:\mingw\bin\../lib/gcc/mingw32/6.3.0/include/c++/backward"/>
					<Add directory="c:\mingw\bin\../lib/gcc/mingw32/6.3.0/include"/>
					<Add directory="c:\mingw\bin\../lib/gcc/mingw32/6.3.0/../../../../include"/>
					<Add directory="c:\mingw\bin\../lib/gcc/mingw32/6.3.0/include-fixed"/>
					<Add directory="c:\mingw\bin\../lib/gcc/mingw32/6.3.0/../../../../mingw32/include"/>
				</Compiler>
				<MakeCommands>
					<Build command="C:/MinGW/bin/mingw32-make.exe -f &quot;C:/Users/seymo/Desktop/Kai&apos;s Files/ExclamationLanguage/cmake/Makefile&quot;  VERBOSE=1 rocky/fast"/>
					<CompileFile command="C:/MinGW/bin/mingw32-make.exe -f &quot;C:/Users/seymo/Desktop/Kai&apos;s Files/ExclamationLanguage/cmake/Makefile&quot;  VERBOSE=1 &quot;$file&quot;"/>
					<Clean command="C:/MinGW/bin/mingw32-make.exe -f &quot;C:/Users/seymo/Desktop/Kai&apos;s Files/ExclamationLanguage/cmake/Makefile&quot;  VERBOSE=1 clean"/>
					<DistClean command="C:/MinGW/bin/mingw32-make.exe -f &quot;C:/Users/seymo/Desktop/Kai&apos;s Files/ExclamationLanguage/cmake/Makefile&quot;  VERBOSE=1 clean"/>
				</MakeCommands>
			</Target>
		</Build>
		<Unit filename="C:/Users/seymo/Desktop/Kai&apos;s Files/ExclamationLanguage/Scripts/excla/scripts/src/excla_headers.cpp">
			<Option target="exclatr"/>
		</Unit>
		<Unit filename="C:/Users/seymo/Desktop/Kai&apos;s Files/ExclamationLanguage/Scripts/excla/scripts/src/excla_language.cpp">
			<Option target="excla"/>
		</Unit>
		<Unit filename="C:/Users/seymo/Desktop/Kai&apos;s Files/ExclamationLanguage/Scripts/excla/scripts/src/parser.cpp">
			<Option target="exclapar"/>
		</Unit>
		<Unit filename="C:/Users/seymo/Desktop/Kai&apos;s Files/ExclamationLanguage/bin/cli/rocky/RockyFiles/rocky.cpp">
			<Option target="rocky"/>
		</Unit>
		<Unit filename="C:/Users/seymo/Desktop/Kai&apos;s Files/ExclamationLanguage/bin/dip/dip/src/dip/main.cpp">
			<Option target="ldip"/>
		</Unit>
		<Unit filename="C:/Users/seymo/Desktop/Kai&apos;s Files/ExclamationLanguage/launch/Launcher/ex_command_init.cpp">
			<Option target="exclang"/>
		</Unit>
		<Unit filename="C:/Users/seymo/Desktop/Kai&apos;s Files/ExclamationLanguage/properties/props/functions/src/src_functions/ext/org/general/properties.hpp">
			<Option target="excla"/>
		</Unit>
		<Unit filename="C:/Users/seymo/Desktop/Kai&apos;s Files/ExclamationLanguage/CMakeLists.txt">
			<Option virtualFolder="CMake Files\"/>
		</Unit>
	</Project>
</CodeBlocks_project_file>
